
Microsoft Visual Studio Solution File, Format Version 12.00
# Visual Studio 2013
VisualStudioVersion = 12.0.31101.0
MinimumVisualStudioVersion = 10.0.40219.1
Project("{FAE04EC0-301F-11D3-BF4B-00C04F79EFBC}") = "DynamicFileHelperMapping", "DynamicFileHelperMapping\DynamicFileHelperMapping.csproj", "{4928AA48-9EA7-413C-AAAD-2C7D96304F88}"
EndProject
Project("{FAE04EC0-301F-11D3-BF4B-00C04F79EFBC}") = "Engine", "Engine\Engine.csproj", "{CFFF928E-A92A-44D7-B23B-82FDEF3D8992}"
EndProject
Global
	GlobalSection(SolutionConfigurationPlatforms) = preSolution
		Debug|Any CPU = Debug|Any CPU
		Release|Any CPU = Release|Any CPU
	EndGlobalSection
	GlobalSection(ProjectConfigurationPlatforms) = postSolution
		{4928AA48-9EA7-413C-AAAD-2C7D96304F88}.Debug|Any CPU.ActiveCfg = Debug|Any CPU
		{4928AA48-9EA7-413C-AAAD-2C7D96304F88}.Debug|Any CPU.Build.0 = Debug|Any CPU
		{4928AA48-9EA7-413C-AAAD-2C7D96304F88}.Release|Any CPU.ActiveCfg = Release|Any CPU
		{4928AA48-9EA7-413C-AAAD-2C7D96304F88}.Release|Any CPU.Build.0 = Release|Any CPU
		{CFFF928E-A92A-44D7-B23B-82FDEF3D8992}.Debug|Any CPU.ActiveCfg = Debug|Any CPU
		{CFFF928E-A92A-44D7-B23B-82FDEF3D8992}.Debug|Any CPU.Build.0 = Debug|Any CPU
		{CFFF928E-A92A-44D7-B23B-82FDEF3D8992}.Release|Any CPU.ActiveCfg = Release|Any CPU
		{CFFF928E-A92A-44D7-B23B-82FDEF3D8992}.Release|Any CPU.Build.0 = Release|Any CPU
	EndGlobalSection
	GlobalSection(SolutionProperties) = preSolution
		HideSolutionNode = FALSE
	EndGlobalSection
EndGlobal
